
Microsoft Visual Studio Solution File, Format Version 12.00
# Visual Studio Version 16
VisualStudioVersion = 16.0.31624.102
MinimumVisualStudioVersion = 10.0.40219.1
Project("{FAE04EC0-301F-11D3-BF4B-00C04F79EFBC}") = "OOP_GB", "OOP_GB\OOP_GB.csproj", "{A74A3C52-9BD6-4791-A95B-D0AED73F4A2F}"
EndProject
Global
	GlobalSection(SolutionConfigurationPlatforms) = preSolution
		Debug|Any CPU = Debug|Any CPU
		Release|Any CPU = Release|Any CPU
	EndGlobalSection
	GlobalSection(ProjectConfigurationPlatforms) = postSolution
		{A74A3C52-9BD6-4791-A95B-D0AED73F4A2F}.Debug|Any CPU.ActiveCfg = Debug|Any CPU
		{A74A3C52-9BD6-4791-A95B-D0AED73F4A2F}.Debug|Any CPU.Build.0 = Debug|Any CPU
		{A74A3C52-9BD6-4791-A95B-D0AED73F4A2F}.Release|Any CPU.ActiveCfg = Release|Any CPU
		{A74A3C52-9BD6-4791-A95B-D0AED73F4A2F}.Release|Any CPU.Build.0 = Release|Any CPU
	EndGlobalSection
	GlobalSection(SolutionProperties) = preSolution
		HideSolutionNode = FALSE
	EndGlobalSection
	GlobalSection(ExtensibilityGlobals) = postSolution
		SolutionGuid = {BC65C387-E15A-43C5-83DC-405BB9D5B593}
	EndGlobalSection
EndGlobal
